{
  "originHash" : "2e6f1b0e9206478dbf0dd12a35f74562cb1e0efa60df66f116594f050d84c0dd",
  "pins" : [
    {
      "identity" : "llama.swift",
      "kind" : "remoteSourceControl",
      "location" : "https://github.com/mattt/llama.swift",
      "state" : {
        "revision" : "37feeb8e8794ce67830d67e20b3006e4292e0793",
        "version" : "2.8941.0"
      }
    }
  ],
  "version" : 3
}
